
Microsoft Visual Studio Solution File, Format Version 12.00
# Visual Studio Version 17
VisualStudioVersion = 17.4.33122.133
MinimumVisualStudioVersion = 10.0.40219.1
Project("{9A19103F-16F7-4668-BE54-9A1E7A4F7556}") = "DapperWorkshop.Web", "DapperWorkshop.Web\DapperWorkshop.Web.csproj", "{44194780-37D1-4965-9DA3-A00E1E002973}"
EndProject
Project("{00D1A9C2-B5F0-4AF3-8072-F6C62B433612}") = "DapperWorkshop.Sql", "DapperWorkshop.Sql\DapperWorkshop.Sql.sqlproj", "{9AA5B710-DF8B-49A6-98F7-D889F32BEF92}"
EndProject
Project("{9A19103F-16F7-4668-BE54-9A1E7A4F7556}") = "DapperWorkshop.Data", "DapperWorkshop.DataAccess\DapperWorkshop.Data.csproj", "{9DD81CA3-1B88-475B-8A89-C37B46B3FB1F}"
EndProject
Project("{2150E333-8FDC-42A3-9474-1A3956D46DE8}") = "Solution Items", "Solution Items", "{E2C53264-8230-4EE9-8B06-75519D2A578C}"
EndProject
Global
	GlobalSection(SolutionConfigurationPlatforms) = preSolution
		Debug|Any CPU = Debug|Any CPU
		Release|Any CPU = Release|Any CPU
	EndGlobalSection
	GlobalSection(ProjectConfigurationPlatforms) = postSolution
		{44194780-37D1-4965-9DA3-A00E1E002973}.Debug|Any CPU.ActiveCfg = Debug|Any CPU
		{44194780-37D1-4965-9DA3-A00E1E002973}.Debug|Any CPU.Build.0 = Debug|Any CPU
		{44194780-37D1-4965-9DA3-A00E1E002973}.Release|Any CPU.ActiveCfg = Release|Any CPU
		{44194780-37D1-4965-9DA3-A00E1E002973}.Release|Any CPU.Build.0 = Release|Any CPU
		{9AA5B710-DF8B-49A6-98F7-D889F32BEF92}.Debug|Any CPU.ActiveCfg = Debug|Any CPU
		{9AA5B710-DF8B-49A6-98F7-D889F32BEF92}.Debug|Any CPU.Build.0 = Debug|Any CPU
		{9AA5B710-DF8B-49A6-98F7-D889F32BEF92}.Debug|Any CPU.Deploy.0 = Debug|Any CPU
		{9AA5B710-DF8B-49A6-98F7-D889F32BEF92}.Release|Any CPU.ActiveCfg = Release|Any CPU
		{9AA5B710-DF8B-49A6-98F7-D889F32BEF92}.Release|Any CPU.Build.0 = Release|Any CPU
		{9AA5B710-DF8B-49A6-98F7-D889F32BEF92}.Release|Any CPU.Deploy.0 = Release|Any CPU
		{9DD81CA3-1B88-475B-8A89-C37B46B3FB1F}.Debug|Any CPU.ActiveCfg = Debug|Any CPU
		{9DD81CA3-1B88-475B-8A89-C37B46B3FB1F}.Debug|Any CPU.Build.0 = Debug|Any CPU
		{9DD81CA3-1B88-475B-8A89-C37B46B3FB1F}.Release|Any CPU.ActiveCfg = Release|Any CPU
		{9DD81CA3-1B88-475B-8A89-C37B46B3FB1F}.Release|Any CPU.Build.0 = Release|Any CPU
	EndGlobalSection
	GlobalSection(SolutionProperties) = preSolution
		HideSolutionNode = FALSE
	EndGlobalSection
	GlobalSection(ExtensibilityGlobals) = postSolution
		SolutionGuid = {562E89CA-16CC-41BC-9F66-40B2A7B1B126}
	EndGlobalSection
EndGlobal
